
Microsoft Visual Studio Solution File, Format Version 12.00
# Visual Studio Version 17
VisualStudioVersion = 17.5.002.0
MinimumVisualStudioVersion = 10.0.40219.1
Project("{9A19103F-16F7-4668-BE54-9A1E7A4F7556}") = "E-Ticaret", "E-Ticaret.csproj", "{2FB7CFAB-3C45-4EA6-9345-5459CE910A78}"
EndProject
Global
	GlobalSection(SolutionConfigurationPlatforms) = preSolution
		Debug|Any CPU = Debug|Any CPU
		Release|Any CPU = Release|Any CPU
	EndGlobalSection
	GlobalSection(ProjectConfigurationPlatforms) = postSolution
		{2FB7CFAB-3C45-4EA6-9345-5459CE910A78}.Debug|Any CPU.ActiveCfg = Debug|Any CPU
		{2FB7CFAB-3C45-4EA6-9345-5459CE910A78}.Debug|Any CPU.Build.0 = Debug|Any CPU
		{2FB7CFAB-3C45-4EA6-9345-5459CE910A78}.Release|Any CPU.ActiveCfg = Release|Any CPU
		{2FB7CFAB-3C45-4EA6-9345-5459CE910A78}.Release|Any CPU.Build.0 = Release|Any CPU
	EndGlobalSection
	GlobalSection(SolutionProperties) = preSolution
		HideSolutionNode = FALSE
	EndGlobalSection
	GlobalSection(ExtensibilityGlobals) = postSolution
		SolutionGuid = {7CF18AA7-C2EA-44C0-BCB8-E428E8C5E2E8}
	EndGlobalSection
EndGlobal
